
Microsoft Visual Studio Solution File, Format Version 12.00
# Visual Studio Version 17
VisualStudioVersion = 17.0.31903.59
MinimumVisualStudioVersion = 10.0.40219.1
Project("{FAE04EC0-301F-11D3-BF4B-00C04F79EFBC}") = "APIGateway", "APIGateway\APIGateway.csproj", "{25F48C77-BDFF-4369-8F2B-74C9176446E3}"
EndProject
Project("{2150E333-8FDC-42A3-9474-1A3956D46DE8}") = "OrdersService", "OrdersService", "{34894162-1A01-702D-9F90-220452EA178E}"
EndProject
Project("{FAE04EC0-301F-11D3-BF4B-00C04F79EFBC}") = "OrdersService.Web", "OrdersService\OrdersService.Web\OrdersService.Web.csproj", "{81C0E7DB-5ADA-4DCC-84D5-857A766A752C}"
EndProject
Project("{2150E333-8FDC-42A3-9474-1A3956D46DE8}") = "PaymentsService", "PaymentsService", "{9D336D58-06C2-9902-02CD-1CE8C0AA54EA}"
EndProject
Project("{FAE04EC0-301F-11D3-BF4B-00C04F79EFBC}") = "PaymentsService.Web", "PaymentsService\PaymentsService.Web\PaymentsService.Web.csproj", "{C6BF8418-6D18-4F0D-86E1-823472B04B63}"
EndProject
Project("{FAE04EC0-301F-11D3-BF4B-00C04F79EFBC}") = "OrdersService.Application", "OrdersService\OrdersService.Application\OrdersService.Application.csproj", "{A75113ED-F87B-468D-8FF7-20B9AED8CC69}"
EndProject
Project("{FAE04EC0-301F-11D3-BF4B-00C04F79EFBC}") = "OrdersService.Infrastructure", "OrdersService\OrdersService.Infrastructure\OrdersService.Infrastructure.csproj", "{A207F132-BF65-4B98-B855-B68B33DFE495}"
EndProject
Project("{FAE04EC0-301F-11D3-BF4B-00C04F79EFBC}") = "OrdersService.Domain", "OrdersService\OrdersService.Domain\OrdersService.Domain.csproj", "{E631AE2F-9A44-4B66-99DA-9AF35103E333}"
EndProject
Project("{FAE04EC0-301F-11D3-BF4B-00C04F79EFBC}") = "PaymentsService.Infrastructure", "PaymentsService\PaymentsService.Infrastructure\PaymentsService.Infrastructure.csproj", "{9FB0F5C7-FB86-40BD-8520-CFE4B3F83180}"
EndProject
Project("{FAE04EC0-301F-11D3-BF4B-00C04F79EFBC}") = "PaymentsService.Application", "PaymentsService\PaymentsService.Application\PaymentsService.Application.csproj", "{78AC643A-326C-4099-8C43-A19A8C6816E2}"
EndProject
Project("{FAE04EC0-301F-11D3-BF4B-00C04F79EFBC}") = "PaymentsService.Domain", "PaymentsService\PaymentsService.Domain\PaymentsService.Domain.csproj", "{A9F8C7C0-0D40-451B-873D-E85E618B343E}"
EndProject
Global
	GlobalSection(SolutionConfigurationPlatforms) = preSolution
		Debug|Any CPU = Debug|Any CPU
		Debug|x64 = Debug|x64
		Debug|x86 = Debug|x86
		Release|Any CPU = Release|Any CPU
		Release|x64 = Release|x64
		Release|x86 = Release|x86
	EndGlobalSection
	GlobalSection(ProjectConfigurationPlatforms) = postSolution
		{25F48C77-BDFF-4369-8F2B-74C9176446E3}.Debug|Any CPU.ActiveCfg = Debug|Any CPU
		{25F48C77-BDFF-4369-8F2B-74C9176446E3}.Debug|Any CPU.Build.0 = Debug|Any CPU
		{25F48C77-BDFF-4369-8F2B-74C9176446E3}.Debug|x64.ActiveCfg = Debug|Any CPU
		{25F48C77-BDFF-4369-8F2B-74C9176446E3}.Debug|x64.Build.0 = Debug|Any CPU
		{25F48C77-BDFF-4369-8F2B-74C9176446E3}.Debug|x86.ActiveCfg = Debug|Any CPU
		{25F48C77-BDFF-4369-8F2B-74C9176446E3}.Debug|x86.Build.0 = Debug|Any CPU
		{25F48C77-BDFF-4369-8F2B-74C9176446E3}.Release|Any CPU.ActiveCfg = Release|Any CPU
		{25F48C77-BDFF-4369-8F2B-74C9176446E3}.Release|Any CPU.Build.0 = Release|Any CPU
		{25F48C77-BDFF-4369-8F2B-74C9176446E3}.Release|x64.ActiveCfg = Release|Any CPU
		{25F48C77-BDFF-4369-8F2B-74C9176446E3}.Release|x64.Build.0 = Release|Any CPU
		{25F48C77-BDFF-4369-8F2B-74C9176446E3}.Release|x86.ActiveCfg = Release|Any CPU
		{25F48C77-BDFF-4369-8F2B-74C9176446E3}.Release|x86.Build.0 = Release|Any CPU
		{81C0E7DB-5ADA-4DCC-84D5-857A766A752C}.Debug|Any CPU.ActiveCfg = Debug|Any CPU
		{81C0E7DB-5ADA-4DCC-84D5-857A766A752C}.Debug|Any CPU.Build.0 = Debug|Any CPU
		{81C0E7DB-5ADA-4DCC-84D5-857A766A752C}.Debug|x64.ActiveCfg = Debug|Any CPU
		{81C0E7DB-5ADA-4DCC-84D5-857A766A752C}.Debug|x64.Build.0 = Debug|Any CPU
		{81C0E7DB-5ADA-4DCC-84D5-857A766A752C}.Debug|x86.ActiveCfg = Debug|Any CPU
		{81C0E7DB-5ADA-4DCC-84D5-857A766A752C}.Debug|x86.Build.0 = Debug|Any CPU
		{81C0E7DB-5ADA-4DCC-84D5-857A766A752C}.Release|Any CPU.ActiveCfg = Release|Any CPU
		{81C0E7DB-5ADA-4DCC-84D5-857A766A752C}.Release|Any CPU.Build.0 = Release|Any CPU
		{81C0E7DB-5ADA-4DCC-84D5-857A766A752C}.Release|x64.ActiveCfg = Release|Any CPU
		{81C0E7DB-5ADA-4DCC-84D5-857A766A752C}.Release|x64.Build.0 = Release|Any CPU
		{81C0E7DB-5ADA-4DCC-84D5-857A766A752C}.Release|x86.ActiveCfg = Release|Any CPU
		{81C0E7DB-5ADA-4DCC-84D5-857A766A752C}.Release|x86.Build.0 = Release|Any CPU
		{C6BF8418-6D18-4F0D-86E1-823472B04B63}.Debug|Any CPU.ActiveCfg = Debug|Any CPU
		{C6BF8418-6D18-4F0D-86E1-823472B04B63}.Debug|Any CPU.Build.0 = Debug|Any CPU
		{C6BF8418-6D18-4F0D-86E1-823472B04B63}.Debug|x64.ActiveCfg = Debug|Any CPU
		{C6BF8418-6D18-4F0D-86E1-823472B04B63}.Debug|x64.Build.0 = Debug|Any CPU
		{C6BF8418-6D18-4F0D-86E1-823472B04B63}.Debug|x86.ActiveCfg = Debug|Any CPU
		{C6BF8418-6D18-4F0D-86E1-823472B04B63}.Debug|x86.Build.0 = Debug|Any CPU
		{C6BF8418-6D18-4F0D-86E1-823472B04B63}.Release|Any CPU.ActiveCfg = Release|Any CPU
		{C6BF8418-6D18-4F0D-86E1-823472B04B63}.Release|Any CPU.Build.0 = Release|Any CPU
		{C6BF8418-6D18-4F0D-86E1-823472B04B63}.Release|x64.ActiveCfg = Release|Any CPU
		{C6BF8418-6D18-4F0D-86E1-823472B04B63}.Release|x64.Build.0 = Release|Any CPU
		{C6BF8418-6D18-4F0D-86E1-823472B04B63}.Release|x86.ActiveCfg = Release|Any CPU
		{C6BF8418-6D18-4F0D-86E1-823472B04B63}.Release|x86.Build.0 = Release|Any CPU
		{A75113ED-F87B-468D-8FF7-20B9AED8CC69}.Debug|Any CPU.ActiveCfg = Debug|Any CPU
		{A75113ED-F87B-468D-8FF7-20B9AED8CC69}.Debug|Any CPU.Build.0 = Debug|Any CPU
		{A75113ED-F87B-468D-8FF7-20B9AED8CC69}.Debug|x64.ActiveCfg = Debug|Any CPU
		{A75113ED-F87B-468D-8FF7-20B9AED8CC69}.Debug|x64.Build.0 = Debug|Any CPU
		{A75113ED-F87B-468D-8FF7-20B9AED8CC69}.Debug|x86.ActiveCfg = Debug|Any CPU
		{A75113ED-F87B-468D-8FF7-20B9AED8CC69}.Debug|x86.Build.0 = Debug|Any CPU
		{A75113ED-F87B-468D-8FF7-20B9AED8CC69}.Release|Any CPU.ActiveCfg = Release|Any CPU
		{A75113ED-F87B-468D-8FF7-20B9AED8CC69}.Release|Any CPU.Build.0 = Release|Any CPU
		{A75113ED-F87B-468D-8FF7-20B9AED8CC69}.Release|x64.ActiveCfg = Release|Any CPU
		{A75113ED-F87B-468D-8FF7-20B9AED8CC69}.Release|x64.Build.0 = Release|Any CPU
		{A75113ED-F87B-468D-8FF7-20B9AED8CC69}.Release|x86.ActiveCfg = Release|Any CPU
		{A75113ED-F87B-468D-8FF7-20B9AED8CC69}.Release|x86.Build.0 = Release|Any CPU
		{A207F132-BF65-4B98-B855-B68B33DFE495}.Debug|Any CPU.ActiveCfg = Debug|Any CPU
		{A207F132-BF65-4B98-B855-B68B33DFE495}.Debug|Any CPU.Build.0 = Debug|Any CPU
		{A207F132-BF65-4B98-B855-B68B33DFE495}.Debug|x64.ActiveCfg = Debug|Any CPU
		{A207F132-BF65-4B98-B855-B68B33DFE495}.Debug|x64.Build.0 = Debug|Any CPU
		{A207F132-BF65-4B98-B855-B68B33DFE495}.Debug|x86.ActiveCfg = Debug|Any CPU
		{A207F132-BF65-4B98-B855-B68B33DFE495}.Debug|x86.Build.0 = Debug|Any CPU
		{A207F132-BF65-4B98-B855-B68B33DFE495}.Release|Any CPU.ActiveCfg = Release|Any CPU
		{A207F132-BF65-4B98-B855-B68B33DFE495}.Release|Any CPU.Build.0 = Release|Any CPU
		{A207F132-BF65-4B98-B855-B68B33DFE495}.Release|x64.ActiveCfg = Release|Any CPU
		{A207F132-BF65-4B98-B855-B68B33DFE495}.Release|x64.Build.0 = Release|Any CPU
		{A207F132-BF65-4B98-B855-B68B33DFE495}.Release|x86.ActiveCfg = Release|Any CPU
		{A207F132-BF65-4B98-B855-B68B33DFE495}.Release|x86.Build.0 = Release|Any CPU
		{E631AE2F-9A44-4B66-99DA-9AF35103E333}.Debug|Any CPU.ActiveCfg = Debug|Any CPU
		{E631AE2F-9A44-4B66-99DA-9AF35103E333}.Debug|Any CPU.Build.0 = Debug|Any CPU
		{E631AE2F-9A44-4B66-99DA-9AF35103E333}.Debug|x64.ActiveCfg = Debug|Any CPU
		{E631AE2F-9A44-4B66-99DA-9AF35103E333}.Debug|x64.Build.0 = Debug|Any CPU
		{E631AE2F-9A44-4B66-99DA-9AF35103E333}.Debug|x86.ActiveCfg = Debug|Any CPU
		{E631AE2F-9A44-4B66-99DA-9AF35103E333}.Debug|x86.Build.0 = Debug|Any CPU
		{E631AE2F-9A44-4B66-99DA-9AF35103E333}.Release|Any CPU.ActiveCfg = Release|Any CPU
		{E631AE2F-9A44-4B66-99DA-9AF35103E333}.Release|Any CPU.Build.0 = Release|Any CPU
		{E631AE2F-9A44-4B66-99DA-9AF35103E333}.Release|x64.ActiveCfg = Release|Any CPU
		{E631AE2F-9A44-4B66-99DA-9AF35103E333}.Release|x64.Build.0 = Release|Any CPU
		{E631AE2F-9A44-4B66-99DA-9AF35103E333}.Release|x86.ActiveCfg = Release|Any CPU
		{E631AE2F-9A44-4B66-99DA-9AF35103E333}.Release|x86.Build.0 = Release|Any CPU
		{9FB0F5C7-FB86-40BD-8520-CFE4B3F83180}.Debug|Any CPU.ActiveCfg = Debug|Any CPU
		{9FB0F5C7-FB86-40BD-8520-CFE4B3F83180}.Debug|Any CPU.Build.0 = Debug|Any CPU
		{9FB0F5C7-FB86-40BD-8520-CFE4B3F83180}.Debug|x64.ActiveCfg = Debug|Any CPU
		{9FB0F5C7-FB86-40BD-8520-CFE4B3F83180}.Debug|x64.Build.0 = Debug|Any CPU
		{9FB0F5C7-FB86-40BD-8520-CFE4B3F83180}.Debug|x86.ActiveCfg = Debug|Any CPU
		{9FB0F5C7-FB86-40BD-8520-CFE4B3F83180}.Debug|x86.Build.0 = Debug|Any CPU
		{9FB0F5C7-FB86-40BD-8520-CFE4B3F83180}.Release|Any CPU.ActiveCfg = Release|Any CPU
		{9FB0F5C7-FB86-40BD-8520-CFE4B3F83180}.Release|Any CPU.Build.0 = Release|Any CPU
		{9FB0F5C7-FB86-40BD-8520-CFE4B3F83180}.Release|x64.ActiveCfg = Release|Any CPU
		{9FB0F5C7-FB86-40BD-8520-CFE4B3F83180}.Release|x64.Build.0 = Release|Any CPU
		{9FB0F5C7-FB86-40BD-8520-CFE4B3F83180}.Release|x86.ActiveCfg = Release|Any CPU
		{9FB0F5C7-FB86-40BD-8520-CFE4B3F83180}.Release|x86.Build.0 = Release|Any CPU
		{78AC643A-326C-4099-8C43-A19A8C6816E2}.Debug|Any CPU.ActiveCfg = Debug|Any CPU
		{78AC643A-326C-4099-8C43-A19A8C6816E2}.Debug|Any CPU.Build.0 = Debug|Any CPU
		{78AC643A-326C-4099-8C43-A19A8C6816E2}.Debug|x64.ActiveCfg = Debug|Any CPU
		{78AC643A-326C-4099-8C43-A19A8C6816E2}.Debug|x64.Build.0 = Debug|Any CPU
		{78AC643A-326C-4099-8C43-A19A8C6816E2}.Debug|x86.ActiveCfg = Debug|Any CPU
		{78AC643A-326C-4099-8C43-A19A8C6816E2}.Debug|x86.Build.0 = Debug|Any CPU
		{78AC643A-326C-4099-8C43-A19A8C6816E2}.Release|Any CPU.ActiveCfg = Release|Any CPU
		{78AC643A-326C-4099-8C43-A19A8C6816E2}.Release|Any CPU.Build.0 = Release|Any CPU
		{78AC643A-326C-4099-8C43-A19A8C6816E2}.Release|x64.ActiveCfg = Release|Any CPU
		{78AC643A-326C-4099-8C43-A19A8C6816E2}.Release|x64.Build.0 = Release|Any CPU
		{78AC643A-326C-4099-8C43-A19A8C6816E2}.Release|x86.ActiveCfg = Release|Any CPU
		{78AC643A-326C-4099-8C43-A19A8C6816E2}.Release|x86.Build.0 = Release|Any CPU
		{A9F8C7C0-0D40-451B-873D-E85E618B343E}.Debug|Any CPU.ActiveCfg = Debug|Any CPU
		{A9F8C7C0-0D40-451B-873D-E85E618B343E}.Debug|Any CPU.Build.0 = Debug|Any CPU
		{A9F8C7C0-0D40-451B-873D-E85E618B343E}.Debug|x64.ActiveCfg = Debug|Any CPU
		{A9F8C7C0-0D40-451B-873D-E85E618B343E}.Debug|x64.Build.0 = Debug|Any CPU
		{A9F8C7C0-0D40-451B-873D-E85E618B343E}.Debug|x86.ActiveCfg = Debug|Any CPU
		{A9F8C7C0-0D40-451B-873D-E85E618B343E}.Debug|x86.Build.0 = Debug|Any CPU
		{A9F8C7C0-0D40-451B-873D-E85E618B343E}.Release|Any CPU.ActiveCfg = Release|Any CPU
		{A9F8C7C0-0D40-451B-873D-E85E618B343E}.Release|Any CPU.Build.0 = Release|Any CPU
		{A9F8C7C0-0D40-451B-873D-E85E618B343E}.Release|x64.ActiveCfg = Release|Any CPU
		{A9F8C7C0-0D40-451B-873D-E85E618B343E}.Release|x64.Build.0 = Release|Any CPU
		{A9F8C7C0-0D40-451B-873D-E85E618B343E}.Release|x86.ActiveCfg = Release|Any CPU
		{A9F8C7C0-0D40-451B-873D-E85E618B343E}.Release|x86.Build.0 = Release|Any CPU
	EndGlobalSection
	GlobalSection(SolutionProperties) = preSolution
		HideSolutionNode = FALSE
	EndGlobalSection
	GlobalSection(NestedProjects) = preSolution
		{81C0E7DB-5ADA-4DCC-84D5-857A766A752C} = {34894162-1A01-702D-9F90-220452EA178E}
		{C6BF8418-6D18-4F0D-86E1-823472B04B63} = {9D336D58-06C2-9902-02CD-1CE8C0AA54EA}
		{A75113ED-F87B-468D-8FF7-20B9AED8CC69} = {34894162-1A01-702D-9F90-220452EA178E}
		{A207F132-BF65-4B98-B855-B68B33DFE495} = {34894162-1A01-702D-9F90-220452EA178E}
		{E631AE2F-9A44-4B66-99DA-9AF35103E333} = {34894162-1A01-702D-9F90-220452EA178E}
		{9FB0F5C7-FB86-40BD-8520-CFE4B3F83180} = {9D336D58-06C2-9902-02CD-1CE8C0AA54EA}
		{78AC643A-326C-4099-8C43-A19A8C6816E2} = {9D336D58-06C2-9902-02CD-1CE8C0AA54EA}
		{A9F8C7C0-0D40-451B-873D-E85E618B343E} = {9D336D58-06C2-9902-02CD-1CE8C0AA54EA}
	EndGlobalSection
EndGlobal
